
Microsoft Visual Studio Solution File, Format Version 12.00
# Visual Studio Version 17
VisualStudioVersion = 17.4.33122.133
MinimumVisualStudioVersion = 10.0.40219.1
Project("{9A19103F-16F7-4668-BE54-9A1E7A4F7556}") = "roleplay00", "code\roleplay00.csproj", "{C71E5289-3BF8-4F86-B414-8DD5E8FC7482}"
EndProject
Global
	GlobalSection(SolutionConfigurationPlatforms) = preSolution
		Debug|Any CPU = Debug|Any CPU
		Release|Any CPU = Release|Any CPU
	EndGlobalSection
	GlobalSection(ProjectConfigurationPlatforms) = postSolution
		{C71E5289-3BF8-4F86-B414-8DD5E8FC7482}.Debug|Any CPU.ActiveCfg = Debug|Any CPU
		{C71E5289-3BF8-4F86-B414-8DD5E8FC7482}.Debug|Any CPU.Build.0 = Debug|Any CPU
		{C71E5289-3BF8-4F86-B414-8DD5E8FC7482}.Release|Any CPU.ActiveCfg = Release|Any CPU
		{C71E5289-3BF8-4F86-B414-8DD5E8FC7482}.Release|Any CPU.Build.0 = Release|Any CPU
	EndGlobalSection
	GlobalSection(SolutionProperties) = preSolution
		HideSolutionNode = FALSE
	EndGlobalSection
	GlobalSection(ExtensibilityGlobals) = postSolution
		SolutionGuid = {89977751-83A3-4211-8927-B4C2B76FDBC0}
	EndGlobalSection
EndGlobal
